// !$*UTF8*$!
{
	archiveVersion = 1;
	classes = {
	};
	objectVersion = 46;
	objects = {

/* Begin PBXBuildFile section */
		82A9941779B361809C337F3E /* libPods-NSFLocalizationSynchronizer.a in Frameworks */ = {isa = PBXBuildFile; fileRef = C9A2309037A4A96F26F5E0CC /* libPods-NSFLocalizationSynchronizer.a */; };
		A92C98631D0FE87E00CA4E29 /* NSFSettingWindowController.m in Sources */ = {isa = PBXBuildFile; fileRef = A92C98611D0FE87E00CA4E29 /* NSFSettingWindowController.m */; };
		A92C98641D0FE87E00CA4E29 /* NSFSettingWindowController.xib in Resources */ = {isa = PBXBuildFile; fileRef = A92C98621D0FE87E00CA4E29 /* NSFSettingWindowController.xib */; };
		A98926651F162244006EF4CE /* AppDelegate.m in Sources */ = {isa = PBXBuildFile; fileRef = A98926631F162244006EF4CE /* AppDelegate.m */; };
		A99A13C41D07EA8E0088ACFA /* main.m in Sources */ = {isa = PBXBuildFile; fileRef = A99A13C31D07EA8E0088ACFA /* main.m */; };
		A99A13C61D07EA8E0088ACFA /* Assets.xcassets in Resources */ = {isa = PBXBuildFile; fileRef = A99A13C51D07EA8E0088ACFA /* Assets.xcassets */; };
		A99A13C91D07EA8E0088ACFA /* MainMenu.xib in Resources */ = {isa = PBXBuildFile; fileRef = A99A13C71D07EA8E0088ACFA /* MainMenu.xib */; };
		A9B0FF7A1F4298F500BC57E1 /* BRAWorksheet+NSFExt.m in Sources */ = {isa = PBXBuildFile; fileRef = A9B0FF3E1F4298F400BC57E1 /* BRAWorksheet+NSFExt.m */; };
		A9B0FF7B1F4298F500BC57E1 /* NSDictionary+NSFExt.m in Sources */ = {isa = PBXBuildFile; fileRef = A9B0FF401F4298F400BC57E1 /* NSDictionary+NSFExt.m */; };
		A9B0FF7C1F4298F500BC57E1 /* NSFileManager+NSFExt.m in Sources */ = {isa = PBXBuildFile; fileRef = A9B0FF421F4298F400BC57E1 /* NSFileManager+NSFExt.m */; };
		A9B0FF7D1F4298F500BC57E1 /* NSFParameters.m in Sources */ = {isa = PBXBuildFile; fileRef = A9B0FF441F4298F400BC57E1 /* NSFParameters.m */; };
		A9B0FF7E1F4298F500BC57E1 /* NSMutableArray+NSFExt.m in Sources */ = {isa = PBXBuildFile; fileRef = A9B0FF471F4298F400BC57E1 /* NSMutableArray+NSFExt.m */; };
		A9B0FF7F1F4298F500BC57E1 /* NSObject+NSFExt.m in Sources */ = {isa = PBXBuildFile; fileRef = A9B0FF491F4298F500BC57E1 /* NSObject+NSFExt.m */; };
		A9B0FF801F4298F500BC57E1 /* NSURL+NSFExt.m in Sources */ = {isa = PBXBuildFile; fileRef = A9B0FF4B1F4298F500BC57E1 /* NSURL+NSFExt.m */; };
		A9B0FF811F4298F500BC57E1 /* NSFLanguagePackageExpert.m in Sources */ = {isa = PBXBuildFile; fileRef = A9B0FF4E1F4298F500BC57E1 /* NSFLanguagePackageExpert.m */; };
		A9B0FF821F4298F500BC57E1 /* NSFLanguagePackLineModel.m in Sources */ = {isa = PBXBuildFile; fileRef = A9B0FF501F4298F500BC57E1 /* NSFLanguagePackLineModel.m */; };
		A9B0FF831F4298F500BC57E1 /* NSFProjectExpert.m in Sources */ = {isa = PBXBuildFile; fileRef = A9B0FF531F4298F500BC57E1 /* NSFProjectExpert.m */; };
		A9B0FF841F4298F500BC57E1 /* NSFProjectParseConfigration.m in Sources */ = {isa = PBXBuildFile; fileRef = A9B0FF551F4298F500BC57E1 /* NSFProjectParseConfigration.m */; };
		A9B0FF851F4298F500BC57E1 /* NSFSourceCodeScanner.m in Sources */ = {isa = PBXBuildFile; fileRef = A9B0FF581F4298F500BC57E1 /* NSFSourceCodeScanner.m */; };
		A9B0FF861F4298F500BC57E1 /* NSFKeyValueModel.m in Sources */ = {isa = PBXBuildFile; fileRef = A9B0FF5C1F4298F500BC57E1 /* NSFKeyValueModel.m */; };
		A9B0FF871F4298F500BC57E1 /* NSFStringsCompareModel.m in Sources */ = {isa = PBXBuildFile; fileRef = A9B0FF5E1F4298F500BC57E1 /* NSFStringsCompareModel.m */; };
		A9B0FF881F4298F500BC57E1 /* NSFStringsLanguageModel.m in Sources */ = {isa = PBXBuildFile; fileRef = A9B0FF601F4298F500BC57E1 /* NSFStringsLanguageModel.m */; };
		A9B0FF891F4298F500BC57E1 /* NSFStringsLineModel.m in Sources */ = {isa = PBXBuildFile; fileRef = A9B0FF621F4298F500BC57E1 /* NSFStringsLineModel.m */; };
		A9B0FF8A1F4298F500BC57E1 /* NSFStringsSideCompareModel.m in Sources */ = {isa = PBXBuildFile; fileRef = A9B0FF641F4298F500BC57E1 /* NSFStringsSideCompareModel.m */; };
		A9B0FF8B1F4298F500BC57E1 /* NSFLanguageModelAndCompareModelTransformer.m in Sources */ = {isa = PBXBuildFile; fileRef = A9B0FF671F4298F500BC57E1 /* NSFLanguageModelAndCompareModelTransformer.m */; };
		A9B0FF8C1F4298F500BC57E1 /* NSFLineModelAndLanguageModelTransformer.m in Sources */ = {isa = PBXBuildFile; fileRef = A9B0FF691F4298F500BC57E1 /* NSFLineModelAndLanguageModelTransformer.m */; };
		A9B0FF8D1F4298F500BC57E1 /* NSFStringFilesMixTransformer.m in Sources */ = {isa = PBXBuildFile; fileRef = A9B0FF6B1F4298F500BC57E1 /* NSFStringFilesMixTransformer.m */; };
		A9B0FF8E1F4298F500BC57E1 /* NSFStringsFileAndLineModelTransformer.m in Sources */ = {isa = PBXBuildFile; fileRef = A9B0FF6D1F4298F500BC57E1 /* NSFStringsFileAndLineModelTransformer.m */; };
		A9B0FF8F1F4298F500BC57E1 /* NSFCommonTypes.m in Sources */ = {isa = PBXBuildFile; fileRef = A9B0FF711F4298F500BC57E1 /* NSFCommonTypes.m */; };
		A9B0FF901F4298F500BC57E1 /* NSFLocalizationProxy.m in Sources */ = {isa = PBXBuildFile; fileRef = A9B0FF741F4298F500BC57E1 /* NSFLocalizationProxy.m */; };
		A9B0FF911F4298F500BC57E1 /* NSFLogger.m in Sources */ = {isa = PBXBuildFile; fileRef = A9B0FF771F4298F500BC57E1 /* NSFLogger.m */; };
		A9B0FF921F4298F500BC57E1 /* NSFSetting.m in Sources */ = {isa = PBXBuildFile; fileRef = A9B0FF791F4298F500BC57E1 /* NSFSetting.m */; };
		A9D3CD991D0E989D00300F30 /* template.xlsx in Resources */ = {isa = PBXBuildFile; fileRef = A9D3CD981D0E989D00300F30 /* template.xlsx */; };
/* End PBXBuildFile section */

/* Begin PBXCopyFilesBuildPhase section */
		A99A13F81D07F5060088ACFA /* Frameworks */ = {
			isa = PBXCopyFilesBuildPhase;
			buildActionMask = 2147483647;
			dstPath = "";
			dstSubfolderSpec = 10;
			files = (
			);
			name = Frameworks;
			runOnlyForDeploymentPostprocessing = 0;
		};
/* End PBXCopyFilesBuildPhase section */

/* Begin PBXFileReference section */
		02CEC4FF70676E9A895B548A /* Pods-NSFLocalizationSynchronizer.release.xcconfig */ = {isa = PBXFileReference; includeInIndex = 1; lastKnownFileType = text.xcconfig; name = "Pods-NSFLocalizationSynchronizer.release.xcconfig"; path = "../Pods/Target Support Files/Pods-NSFLocalizationSynchronizer/Pods-NSFLocalizationSynchronizer.release.xcconfig"; sourceTree = "<group>"; };
		A202DEDFC6A12C59891DC128 /* Pods-NSFLocalizationSynchronizer.debug.xcconfig */ = {isa = PBXFileReference; includeInIndex = 1; lastKnownFileType = text.xcconfig; name = "Pods-NSFLocalizationSynchronizer.debug.xcconfig"; path = "../Pods/Target Support Files/Pods-NSFLocalizationSynchronizer/Pods-NSFLocalizationSynchronizer.debug.xcconfig"; sourceTree = "<group>"; };
		A92C98601D0FE87E00CA4E29 /* NSFSettingWindowController.h */ = {isa = PBXFileReference; fileEncoding = 4; lastKnownFileType = sourcecode.c.h; path = NSFSettingWindowController.h; sourceTree = "<group>"; };
		A92C98611D0FE87E00CA4E29 /* NSFSettingWindowController.m */ = {isa = PBXFileReference; fileEncoding = 4; lastKnownFileType = sourcecode.c.objc; path = NSFSettingWindowController.m; sourceTree = "<group>"; };
		A92C98621D0FE87E00CA4E29 /* NSFSettingWindowController.xib */ = {isa = PBXFileReference; fileEncoding = 4; lastKnownFileType = file.xib; path = NSFSettingWindowController.xib; sourceTree = "<group>"; };
		A98926631F162244006EF4CE /* AppDelegate.m */ = {isa = PBXFileReference; fileEncoding = 4; lastKnownFileType = sourcecode.c.objc; path = AppDelegate.m; sourceTree = "<group>"; };
		A98926641F162244006EF4CE /* AppDelegate.h */ = {isa = PBXFileReference; fileEncoding = 4; lastKnownFileType = sourcecode.c.h; path = AppDelegate.h; sourceTree = "<group>"; };
		A99A13BC1D07EA8E0088ACFA /* NSFLocalizationSynchronizer.app */ = {isa = PBXFileReference; explicitFileType = wrapper.application; includeInIndex = 0; path = NSFLocalizationSynchronizer.app; sourceTree = BUILT_PRODUCTS_DIR; };
		A99A13C31D07EA8E0088ACFA /* main.m */ = {isa = PBXFileReference; lastKnownFileType = sourcecode.c.objc; path = main.m; sourceTree = "<group>"; };
		A99A13C51D07EA8E0088ACFA /* Assets.xcassets */ = {isa = PBXFileReference; lastKnownFileType = folder.assetcatalog; path = Assets.xcassets; sourceTree = "<group>"; };
		A99A13C81D07EA8E0088ACFA /* Base */ = {isa = PBXFileReference; lastKnownFileType = file.xib; name = Base; path = Base.lproj/MainMenu.xib; sourceTree = "<group>"; };
		A99A13CA1D07EA8E0088ACFA /* Info.plist */ = {isa = PBXFileReference; lastKnownFileType = text.plist.xml; path = Info.plist; sourceTree = "<group>"; };
		A9B0FF3A1F42975700BC57E1 /* PrefixHeader.pch */ = {isa = PBXFileReference; fileEncoding = 4; lastKnownFileType = sourcecode.c.h; path = PrefixHeader.pch; sourceTree = "<group>"; };
		A9B0FF3D1F4298F400BC57E1 /* BRAWorksheet+NSFExt.h */ = {isa = PBXFileReference; fileEncoding = 4; lastKnownFileType = sourcecode.c.h; path = "BRAWorksheet+NSFExt.h"; sourceTree = "<group>"; };
		A9B0FF3E1F4298F400BC57E1 /* BRAWorksheet+NSFExt.m */ = {isa = PBXFileReference; fileEncoding = 4; lastKnownFileType = sourcecode.c.objc; path = "BRAWorksheet+NSFExt.m"; sourceTree = "<group>"; };
		A9B0FF3F1F4298F400BC57E1 /* NSDictionary+NSFExt.h */ = {isa = PBXFileReference; fileEncoding = 4; lastKnownFileType = sourcecode.c.h; path = "NSDictionary+NSFExt.h"; sourceTree = "<group>"; };
		A9B0FF401F4298F400BC57E1 /* NSDictionary+NSFExt.m */ = {isa = PBXFileReference; fileEncoding = 4; lastKnownFileType = sourcecode.c.objc; path = "NSDictionary+NSFExt.m"; sourceTree = "<group>"; };
		A9B0FF411F4298F400BC57E1 /* NSFileManager+NSFExt.h */ = {isa = PBXFileReference; fileEncoding = 4; lastKnownFileType = sourcecode.c.h; path = "NSFileManager+NSFExt.h"; sourceTree = "<group>"; };
		A9B0FF421F4298F400BC57E1 /* NSFileManager+NSFExt.m */ = {isa = PBXFileReference; fileEncoding = 4; lastKnownFileType = sourcecode.c.objc; path = "NSFileManager+NSFExt.m"; sourceTree = "<group>"; };
		A9B0FF431F4298F400BC57E1 /* NSFParameters.h */ = {isa = PBXFileReference; fileEncoding = 4; lastKnownFileType = sourcecode.c.h; path = NSFParameters.h; sourceTree = "<group>"; };
		A9B0FF441F4298F400BC57E1 /* NSFParameters.m */ = {isa = PBXFileReference; fileEncoding = 4; lastKnownFileType = sourcecode.c.objc; path = NSFParameters.m; sourceTree = "<group>"; };
		A9B0FF451F4298F400BC57E1 /* NSFUltils.h */ = {isa = PBXFileReference; fileEncoding = 4; lastKnownFileType = sourcecode.c.h; path = NSFUltils.h; sourceTree = "<group>"; };
		A9B0FF461F4298F400BC57E1 /* NSMutableArray+NSFExt.h */ = {isa = PBXFileReference; fileEncoding = 4; lastKnownFileType = sourcecode.c.h; path = "NSMutableArray+NSFExt.h"; sourceTree = "<group>"; };
		A9B0FF471F4298F400BC57E1 /* NSMutableArray+NSFExt.m */ = {isa = PBXFileReference; fileEncoding = 4; lastKnownFileType = sourcecode.c.objc; path = "NSMutableArray+NSFExt.m"; sourceTree = "<group>"; };
		A9B0FF481F4298F500BC57E1 /* NSObject+NSFExt.h */ = {isa = PBXFileReference; fileEncoding = 4; lastKnownFileType = sourcecode.c.h; path = "NSObject+NSFExt.h"; sourceTree = "<group>"; };
		A9B0FF491F4298F500BC57E1 /* NSObject+NSFExt.m */ = {isa = PBXFileReference; fileEncoding = 4; lastKnownFileType = sourcecode.c.objc; path = "NSObject+NSFExt.m"; sourceTree = "<group>"; };
		A9B0FF4A1F4298F500BC57E1 /* NSURL+NSFExt.h */ = {isa = PBXFileReference; fileEncoding = 4; lastKnownFileType = sourcecode.c.h; path = "NSURL+NSFExt.h"; sourceTree = "<group>"; };
		A9B0FF4B1F4298F500BC57E1 /* NSURL+NSFExt.m */ = {isa = PBXFileReference; fileEncoding = 4; lastKnownFileType = sourcecode.c.objc; path = "NSURL+NSFExt.m"; sourceTree = "<group>"; };
		A9B0FF4D1F4298F500BC57E1 /* NSFLanguagePackageExpert.h */ = {isa = PBXFileReference; fileEncoding = 4; lastKnownFileType = sourcecode.c.h; path = NSFLanguagePackageExpert.h; sourceTree = "<group>"; };
		A9B0FF4E1F4298F500BC57E1 /* NSFLanguagePackageExpert.m */ = {isa = PBXFileReference; fileEncoding = 4; lastKnownFileType = sourcecode.c.objc; path = NSFLanguagePackageExpert.m; sourceTree = "<group>"; };
		A9B0FF4F1F4298F500BC57E1 /* NSFLanguagePackLineModel.h */ = {isa = PBXFileReference; fileEncoding = 4; lastKnownFileType = sourcecode.c.h; path = NSFLanguagePackLineModel.h; sourceTree = "<group>"; };
		A9B0FF501F4298F500BC57E1 /* NSFLanguagePackLineModel.m */ = {isa = PBXFileReference; fileEncoding = 4; lastKnownFileType = sourcecode.c.objc; path = NSFLanguagePackLineModel.m; sourceTree = "<group>"; };
		A9B0FF521F4298F500BC57E1 /* NSFProjectExpert.h */ = {isa = PBXFileReference; fileEncoding = 4; lastKnownFileType = sourcecode.c.h; path = NSFProjectExpert.h; sourceTree = "<group>"; };
		A9B0FF531F4298F500BC57E1 /* NSFProjectExpert.m */ = {isa = PBXFileReference; fileEncoding = 4; lastKnownFileType = sourcecode.c.objc; path = NSFProjectExpert.m; sourceTree = "<group>"; };
		A9B0FF541F4298F500BC57E1 /* NSFProjectParseConfigration.h */ = {isa = PBXFileReference; fileEncoding = 4; lastKnownFileType = sourcecode.c.h; path = NSFProjectParseConfigration.h; sourceTree = "<group>"; };
		A9B0FF551F4298F500BC57E1 /* NSFProjectParseConfigration.m */ = {isa = PBXFileReference; fileEncoding = 4; lastKnownFileType = sourcecode.c.objc; path = NSFProjectParseConfigration.m; sourceTree = "<group>"; };
		A9B0FF571F4298F500BC57E1 /* NSFSourceCodeScanner.h */ = {isa = PBXFileReference; fileEncoding = 4; lastKnownFileType = sourcecode.c.h; path = NSFSourceCodeScanner.h; sourceTree = "<group>"; };
		A9B0FF581F4298F500BC57E1 /* NSFSourceCodeScanner.m */ = {isa = PBXFileReference; fileEncoding = 4; lastKnownFileType = sourcecode.c.objc; path = NSFSourceCodeScanner.m; sourceTree = "<group>"; };
		A9B0FF5B1F4298F500BC57E1 /* NSFKeyValueModel.h */ = {isa = PBXFileReference; fileEncoding = 4; lastKnownFileType = sourcecode.c.h; path = NSFKeyValueModel.h; sourceTree = "<group>"; };
		A9B0FF5C1F4298F500BC57E1 /* NSFKeyValueModel.m */ = {isa = PBXFileReference; fileEncoding = 4; lastKnownFileType = sourcecode.c.objc; path = NSFKeyValueModel.m; sourceTree = "<group>"; };
		A9B0FF5D1F4298F500BC57E1 /* NSFStringsCompareModel.h */ = {isa = PBXFileReference; fileEncoding = 4; lastKnownFileType = sourcecode.c.h; path = NSFStringsCompareModel.h; sourceTree = "<group>"; };
		A9B0FF5E1F4298F500BC57E1 /* NSFStringsCompareModel.m */ = {isa = PBXFileReference; fileEncoding = 4; lastKnownFileType = sourcecode.c.objc; path = NSFStringsCompareModel.m; sourceTree = "<group>"; };
		A9B0FF5F1F4298F500BC57E1 /* NSFStringsLanguageModel.h */ = {isa = PBXFileReference; fileEncoding = 4; lastKnownFileType = sourcecode.c.h; path = NSFStringsLanguageModel.h; sourceTree = "<group>"; };
		A9B0FF601F4298F500BC57E1 /* NSFStringsLanguageModel.m */ = {isa = PBXFileReference; fileEncoding = 4; lastKnownFileType = sourcecode.c.objc; path = NSFStringsLanguageModel.m; sourceTree = "<group>"; };
		A9B0FF611F4298F500BC57E1 /* NSFStringsLineModel.h */ = {isa = PBXFileReference; fileEncoding = 4; lastKnownFileType = sourcecode.c.h; path = NSFStringsLineModel.h; sourceTree = "<group>"; };
		A9B0FF621F4298F500BC57E1 /* NSFStringsLineModel.m */ = {isa = PBXFileReference; fileEncoding = 4; lastKnownFileType = sourcecode.c.objc; path = NSFStringsLineModel.m; sourceTree = "<group>"; };
		A9B0FF631F4298F500BC57E1 /* NSFStringsSideCompareModel.h */ = {isa = PBXFileReference; fileEncoding = 4; lastKnownFileType = sourcecode.c.h; path = NSFStringsSideCompareModel.h; sourceTree = "<group>"; };
		A9B0FF641F4298F500BC57E1 /* NSFStringsSideCompareModel.m */ = {isa = PBXFileReference; fileEncoding = 4; lastKnownFileType = sourcecode.c.objc; path = NSFStringsSideCompareModel.m; sourceTree = "<group>"; };
		A9B0FF661F4298F500BC57E1 /* NSFLanguageModelAndCompareModelTransformer.h */ = {isa = PBXFileReference; fileEncoding = 4; lastKnownFileType = sourcecode.c.h; path = NSFLanguageModelAndCompareModelTransformer.h; sourceTree = "<group>"; };
		A9B0FF671F4298F500BC57E1 /* NSFLanguageModelAndCompareModelTransformer.m */ = {isa = PBXFileReference; fileEncoding = 4; lastKnownFileType = sourcecode.c.objc; path = NSFLanguageModelAndCompareModelTransformer.m; sourceTree = "<group>"; };
		A9B0FF681F4298F500BC57E1 /* NSFLineModelAndLanguageModelTransformer.h */ = {isa = PBXFileReference; fileEncoding = 4; lastKnownFileType = sourcecode.c.h; path = NSFLineModelAndLanguageModelTransformer.h; sourceTree = "<group>"; };
		A9B0FF691F4298F500BC57E1 /* NSFLineModelAndLanguageModelTransformer.m */ = {isa = PBXFileReference; fileEncoding = 4; lastKnownFileType = sourcecode.c.objc; path = NSFLineModelAndLanguageModelTransformer.m; sourceTree = "<group>"; };
		A9B0FF6A1F4298F500BC57E1 /* NSFStringFilesMixTransformer.h */ = {isa = PBXFileReference; fileEncoding = 4; lastKnownFileType = sourcecode.c.h; path = NSFStringFilesMixTransformer.h; sourceTree = "<group>"; };
		A9B0FF6B1F4298F500BC57E1 /* NSFStringFilesMixTransformer.m */ = {isa = PBXFileReference; fileEncoding = 4; lastKnownFileType = sourcecode.c.objc; path = NSFStringFilesMixTransformer.m; sourceTree = "<group>"; };
		A9B0FF6C1F4298F500BC57E1 /* NSFStringsFileAndLineModelTransformer.h */ = {isa = PBXFileReference; fileEncoding = 4; lastKnownFileType = sourcecode.c.h; path = NSFStringsFileAndLineModelTransformer.h; sourceTree = "<group>"; };
		A9B0FF6D1F4298F500BC57E1 /* NSFStringsFileAndLineModelTransformer.m */ = {isa = PBXFileReference; fileEncoding = 4; lastKnownFileType = sourcecode.c.objc; path = NSFStringsFileAndLineModelTransformer.m; sourceTree = "<group>"; };
		A9B0FF6E1F4298F500BC57E1 /* NSFTransformerUmbrella.h */ = {isa = PBXFileReference; fileEncoding = 4; lastKnownFileType = sourcecode.c.h; path = NSFTransformerUmbrella.h; sourceTree = "<group>"; };
		A9B0FF701F4298F500BC57E1 /* NSFCommonTypes.h */ = {isa = PBXFileReference; fileEncoding = 4; lastKnownFileType = sourcecode.c.h; path = NSFCommonTypes.h; sourceTree = "<group>"; };
		A9B0FF711F4298F500BC57E1 /* NSFCommonTypes.m */ = {isa = PBXFileReference; fileEncoding = 4; lastKnownFileType = sourcecode.c.objc; path = NSFCommonTypes.m; sourceTree = "<group>"; };
		A9B0FF721F4298F500BC57E1 /* NSFCompareModelProtocol.h */ = {isa = PBXFileReference; fileEncoding = 4; lastKnownFileType = sourcecode.c.h; path = NSFCompareModelProtocol.h; sourceTree = "<group>"; };
		A9B0FF731F4298F500BC57E1 /* NSFLocalizationProxy.h */ = {isa = PBXFileReference; fileEncoding = 4; lastKnownFileType = sourcecode.c.h; path = NSFLocalizationProxy.h; sourceTree = "<group>"; };
		A9B0FF741F4298F500BC57E1 /* NSFLocalizationProxy.m */ = {isa = PBXFileReference; fileEncoding = 4; lastKnownFileType = sourcecode.c.objc; path = NSFLocalizationProxy.m; sourceTree = "<group>"; };
		A9B0FF761F4298F500BC57E1 /* NSFLogger.h */ = {isa = PBXFileReference; fileEncoding = 4; lastKnownFileType = sourcecode.c.h; path = NSFLogger.h; sourceTree = "<group>"; };
		A9B0FF771F4298F500BC57E1 /* NSFLogger.m */ = {isa = PBXFileReference; fileEncoding = 4; lastKnownFileType = sourcecode.c.objc; path = NSFLogger.m; sourceTree = "<group>"; };
		A9B0FF781F4298F500BC57E1 /* NSFSetting.h */ = {isa = PBXFileReference; fileEncoding = 4; lastKnownFileType = sourcecode.c.h; path = NSFSetting.h; sourceTree = "<group>"; };
		A9B0FF791F4298F500BC57E1 /* NSFSetting.m */ = {isa = PBXFileReference; fileEncoding = 4; lastKnownFileType = sourcecode.c.objc; path = NSFSetting.m; sourceTree = "<group>"; };
		A9D3CD981D0E989D00300F30 /* template.xlsx */ = {isa = PBXFileReference; lastKnownFileType = file; path = template.xlsx; sourceTree = "<group>"; };
		C9A2309037A4A96F26F5E0CC /* libPods-NSFLocalizationSynchronizer.a */ = {isa = PBXFileReference; explicitFileType = archive.ar; includeInIndex = 0; path = "libPods-NSFLocalizationSynchronizer.a"; sourceTree = BUILT_PRODUCTS_DIR; };
/* End PBXFileReference section */

/* Begin PBXFrameworksBuildPhase section */
		A99A13B91D07EA8E0088ACFA /* Frameworks */ = {
			isa = PBXFrameworksBuildPhase;
			buildActionMask = 2147483647;
			files = (
				82A9941779B361809C337F3E /* libPods-NSFLocalizationSynchronizer.a in Frameworks */,
			);
			runOnlyForDeploymentPostprocessing = 0;
		};
/* End PBXFrameworksBuildPhase section */

/* Begin PBXGroup section */
		A92C985F1D0FE87E00CA4E29 /* UI */ = {
			isa = PBXGroup;
			children = (
				A98926641F162244006EF4CE /* AppDelegate.h */,
				A98926631F162244006EF4CE /* AppDelegate.m */,
				A92C98601D0FE87E00CA4E29 /* NSFSettingWindowController.h */,
				A92C98611D0FE87E00CA4E29 /* NSFSettingWindowController.m */,
				A92C98621D0FE87E00CA4E29 /* NSFSettingWindowController.xib */,
			);
			path = UI;
			sourceTree = "<group>";
		};
		A99A13B31D07EA8E0088ACFA = {
			isa = PBXGroup;
			children = (
				A9B0FF3B1F4298F400BC57E1 /* Shared */,
				A99A13BE1D07EA8E0088ACFA /* NSFLocalizationSynchronizer */,
				F29B8A365FD44A786CEA5AD2 /* Frameworks */,
				A99A13BD1D07EA8E0088ACFA /* Products */,
				AC7BB0A78543FB3B1A611199 /* Pods */,
			);
			sourceTree = "<group>";
		};
		A99A13BD1D07EA8E0088ACFA /* Products */ = {
			isa = PBXGroup;
			children = (
				A99A13BC1D07EA8E0088ACFA /* NSFLocalizationSynchronizer.app */,
			);
			name = Products;
			sourceTree = "<group>";
		};
		A99A13BE1D07EA8E0088ACFA /* NSFLocalizationSynchronizer */ = {
			isa = PBXGroup;
			children = (
				A92C985F1D0FE87E00CA4E29 /* UI */,
				A99A13C21D07EA8E0088ACFA /* Supporting Files */,
			);
			path = NSFLocalizationSynchronizer;
			sourceTree = "<group>";
		};
		A99A13C21D07EA8E0088ACFA /* Supporting Files */ = {
			isa = PBXGroup;
			children = (
				A9B0FF3A1F42975700BC57E1 /* PrefixHeader.pch */,
				A99A13C51D07EA8E0088ACFA /* Assets.xcassets */,
				A99A13C71D07EA8E0088ACFA /* MainMenu.xib */,
				A99A13CA1D07EA8E0088ACFA /* Info.plist */,
				A9D3CD981D0E989D00300F30 /* template.xlsx */,
				A99A13C31D07EA8E0088ACFA /* main.m */,
			);
			name = "Supporting Files";
			sourceTree = "<group>";
		};
		A9B0FF3B1F4298F400BC57E1 /* Shared */ = {
			isa = PBXGroup;
			children = (
				A9B0FF3C1F4298F400BC57E1 /* Addtions */,
				A9B0FF4C1F4298F500BC57E1 /* LanguagePack */,
				A9B0FF511F4298F500BC57E1 /* Project */,
				A9B0FF6F1F4298F500BC57E1 /* Proxy */,
				A9B0FF751F4298F500BC57E1 /* Setting */,
			);
			name = Shared;
			path = ../Shared;
			sourceTree = "<group>";
		};
		A9B0FF3C1F4298F400BC57E1 /* Addtions */ = {
			isa = PBXGroup;
			children = (
				A9B0FF3D1F4298F400BC57E1 /* BRAWorksheet+NSFExt.h */,
				A9B0FF3E1F4298F400BC57E1 /* BRAWorksheet+NSFExt.m */,
				A9B0FF3F1F4298F400BC57E1 /* NSDictionary+NSFExt.h */,
				A9B0FF401F4298F400BC57E1 /* NSDictionary+NSFExt.m */,
				A9B0FF411F4298F400BC57E1 /* NSFileManager+NSFExt.h */,
				A9B0FF421F4298F400BC57E1 /* NSFileManager+NSFExt.m */,
				A9B0FF431F4298F400BC57E1 /* NSFParameters.h */,
				A9B0FF441F4298F400BC57E1 /* NSFParameters.m */,
				A9B0FF451F4298F400BC57E1 /* NSFUltils.h */,
				A9B0FF461F4298F400BC57E1 /* NSMutableArray+NSFExt.h */,
				A9B0FF471F4298F400BC57E1 /* NSMutableArray+NSFExt.m */,
				A9B0FF481F4298F500BC57E1 /* NSObject+NSFExt.h */,
				A9B0FF491F4298F500BC57E1 /* NSObject+NSFExt.m */,
				A9B0FF4A1F4298F500BC57E1 /* NSURL+NSFExt.h */,
				A9B0FF4B1F4298F500BC57E1 /* NSURL+NSFExt.m */,
			);
			path = Addtions;
			sourceTree = "<group>";
		};
		A9B0FF4C1F4298F500BC57E1 /* LanguagePack */ = {
			isa = PBXGroup;
			children = (
				A9B0FF4D1F4298F500BC57E1 /* NSFLanguagePackageExpert.h */,
				A9B0FF4E1F4298F500BC57E1 /* NSFLanguagePackageExpert.m */,
				A9B0FF4F1F4298F500BC57E1 /* NSFLanguagePackLineModel.h */,
				A9B0FF501F4298F500BC57E1 /* NSFLanguagePackLineModel.m */,
			);
			path = LanguagePack;
			sourceTree = "<group>";
		};
		A9B0FF511F4298F500BC57E1 /* Project */ = {
			isa = PBXGroup;
			children = (
				A9B0FF521F4298F500BC57E1 /* NSFProjectExpert.h */,
				A9B0FF531F4298F500BC57E1 /* NSFProjectExpert.m */,
				A9B0FF541F4298F500BC57E1 /* NSFProjectParseConfigration.h */,
				A9B0FF551F4298F500BC57E1 /* NSFProjectParseConfigration.m */,
				A9B0FF561F4298F500BC57E1 /* SourceCode */,
				A9B0FF591F4298F500BC57E1 /* Strings */,
			);
			path = Project;
			sourceTree = "<group>";
		};
		A9B0FF561F4298F500BC57E1 /* SourceCode */ = {
			isa = PBXGroup;
			children = (
				A9B0FF571F4298F500BC57E1 /* NSFSourceCodeScanner.h */,
				A9B0FF581F4298F500BC57E1 /* NSFSourceCodeScanner.m */,
			);
			path = SourceCode;
			sourceTree = "<group>";
		};
		A9B0FF591F4298F500BC57E1 /* Strings */ = {
			isa = PBXGroup;
			children = (
				A9B0FF5A1F4298F500BC57E1 /* Model */,
				A9B0FF651F4298F500BC57E1 /* Transformer */,
			);
			path = Strings;
			sourceTree = "<group>";
		};
		A9B0FF5A1F4298F500BC57E1 /* Model */ = {
			isa = PBXGroup;
			children = (
				A9B0FF5B1F4298F500BC57E1 /* NSFKeyValueModel.h */,
				A9B0FF5C1F4298F500BC57E1 /* NSFKeyValueModel.m */,
				A9B0FF5D1F4298F500BC57E1 /* NSFStringsCompareModel.h */,
				A9B0FF5E1F4298F500BC57E1 /* NSFStringsCompareModel.m */,
				A9B0FF5F1F4298F500BC57E1 /* NSFStringsLanguageModel.h */,
				A9B0FF601F4298F500BC57E1 /* NSFStringsLanguageModel.m */,
				A9B0FF611F4298F500BC57E1 /* NSFStringsLineModel.h */,
				A9B0FF621F4298F500BC57E1 /* NSFStringsLineModel.m */,
				A9B0FF631F4298F500BC57E1 /* NSFStringsSideCompareModel.h */,
				A9B0FF641F4298F500BC57E1 /* NSFStringsSideCompareModel.m */,
			);
			path = Model;
			sourceTree = "<group>";
		};
		A9B0FF651F4298F500BC57E1 /* Transformer */ = {
			isa = PBXGroup;
			children = (
				A9B0FF661F4298F500BC57E1 /* NSFLanguageModelAndCompareModelTransformer.h */,
				A9B0FF671F4298F500BC57E1 /* NSFLanguageModelAndCompareModelTransformer.m */,
				A9B0FF681F4298F500BC57E1 /* NSFLineModelAndLanguageModelTransformer.h */,
				A9B0FF691F4298F500BC57E1 /* NSFLineModelAndLanguageModelTransformer.m */,
				A9B0FF6A1F4298F500BC57E1 /* NSFStringFilesMixTransformer.h */,
				A9B0FF6B1F4298F500BC57E1 /* NSFStringFilesMixTransformer.m */,
				A9B0FF6C1F4298F500BC57E1 /* NSFStringsFileAndLineModelTransformer.h */,
				A9B0FF6D1F4298F500BC57E1 /* NSFStringsFileAndLineModelTransformer.m */,
				A9B0FF6E1F4298F500BC57E1 /* NSFTransformerUmbrella.h */,
			);
			path = Transformer;
			sourceTree = "<group>";
		};
		A9B0FF6F1F4298F500BC57E1 /* Proxy */ = {
			isa = PBXGroup;
			children = (
				A9B0FF701F4298F500BC57E1 /* NSFCommonTypes.h */,
				A9B0FF711F4298F500BC57E1 /* NSFCommonTypes.m */,
				A9B0FF721F4298F500BC57E1 /* NSFCompareModelProtocol.h */,
				A9B0FF731F4298F500BC57E1 /* NSFLocalizationProxy.h */,
				A9B0FF741F4298F500BC57E1 /* NSFLocalizationProxy.m */,
			);
			path = Proxy;
			sourceTree = "<group>";
		};
		A9B0FF751F4298F500BC57E1 /* Setting */ = {
			isa = PBXGroup;
			children = (
				A9B0FF761F4298F500BC57E1 /* NSFLogger.h */,
				A9B0FF771F4298F500BC57E1 /* NSFLogger.m */,
				A9B0FF781F4298F500BC57E1 /* NSFSetting.h */,
				A9B0FF791F4298F500BC57E1 /* NSFSetting.m */,
			);
			path = Setting;
			sourceTree = "<group>";
		};
		AC7BB0A78543FB3B1A611199 /* Pods */ = {
			isa = PBXGroup;
			children = (
				A202DEDFC6A12C59891DC128 /* Pods-NSFLocalizationSynchronizer.debug.xcconfig */,
				02CEC4FF70676E9A895B548A /* Pods-NSFLocalizationSynchronizer.release.xcconfig */,
			);
			name = Pods;
			sourceTree = "<group>";
		};
		F29B8A365FD44A786CEA5AD2 /* Frameworks */ = {
			isa = PBXGroup;
			children = (
				C9A2309037A4A96F26F5E0CC /* libPods-NSFLocalizationSynchronizer.a */,
			);
			name = Frameworks;
			sourceTree = "<group>";
		};
/* End PBXGroup section */

/* Begin PBXNativeTarget section */
		A99A13BB1D07EA8E0088ACFA /* NSFLocalizationSynchronizer */ = {
			isa = PBXNativeTarget;
			buildConfigurationList = A99A13CD1D07EA8E0088ACFA /* Build configuration list for PBXNativeTarget "NSFLocalizationSynchronizer" */;
			buildPhases = (
				FB678A573549D62F17FB1DE2 /* [CP] Check Pods Manifest.lock */,
				A99A13B81D07EA8E0088ACFA /* Sources */,
				A99A13B91D07EA8E0088ACFA /* Frameworks */,
				A99A13BA1D07EA8E0088ACFA /* Resources */,
				A99A13F81D07F5060088ACFA /* Frameworks */,
				6AE14C70532EE5455BBE41B3 /* [CP] Embed Pods Frameworks */,
				F44273A290E870571696F851 /* [CP] Copy Pods Resources */,
			);
			buildRules = (
			);
			dependencies = (
			);
			name = NSFLocalizationSynchronizer;
			productName = NSFLocalizationSynchronizer;
			productReference = A99A13BC1D07EA8E0088ACFA /* NSFLocalizationSynchronizer.app */;
			productType = "com.apple.product-type.application";
		};
/* End PBXNativeTarget section */

/* Begin PBXProject section */
		A99A13B41D07EA8E0088ACFA /* Project object */ = {
			isa = PBXProject;
			attributes = {
				LastUpgradeCheck = 0810;
				ORGANIZATIONNAME = "乐星宇";
				TargetAttributes = {
					A99A13BB1D07EA8E0088ACFA = {
						CreatedOnToolsVersion = 7.3.1;
						DevelopmentTeam = 7Z99KN5R29;
					};
				};
			};
			buildConfigurationList = A99A13B71D07EA8E0088ACFA /* Build configuration list for PBXProject "NSFLocalizationSynchronizer" */;
			compatibilityVersion = "Xcode 3.2";
			developmentRegion = English;
			hasScannedForEncodings = 0;
			knownRegions = (
				en,
				Base,
			);
			mainGroup = A99A13B31D07EA8E0088ACFA;
			productRefGroup = A99A13BD1D07EA8E0088ACFA /* Products */;
			projectDirPath = "";
			projectRoot = "";
			targets = (
				A99A13BB1D07EA8E0088ACFA /* NSFLocalizationSynchronizer */,
			);
		};
/* End PBXProject section */

/* Begin PBXResourcesBuildPhase section */
		A99A13BA1D07EA8E0088ACFA /* Resources */ = {
			isa = PBXResourcesBuildPhase;
			buildActionMask = 2147483647;
			files = (
				A92C98641D0FE87E00CA4E29 /* NSFSettingWindowController.xib in Resources */,
				A99A13C61D07EA8E0088ACFA /* Assets.xcassets in Resources */,
				A99A13C91D07EA8E0088ACFA /* MainMenu.xib in Resources */,
				A9D3CD991D0E989D00300F30 /* template.xlsx in Resources */,
			);
			runOnlyForDeploymentPostprocessing = 0;
		};
/* End PBXResourcesBuildPhase section */

/* Begin PBXShellScriptBuildPhase section */
		6AE14C70532EE5455BBE41B3 /* [CP] Embed Pods Frameworks */ = {
			isa = PBXShellScriptBuildPhase;
			buildActionMask = 2147483647;
			files = (
			);
			inputPaths = (
			);
			name = "[CP] Embed Pods Frameworks";
			outputPaths = (
			);
			runOnlyForDeploymentPostprocessing = 0;
			shellPath = /bin/sh;
			shellScript = "\"${SRCROOT}/../Pods/Target Support Files/Pods-NSFLocalizationSynchronizer/Pods-NSFLocalizationSynchronizer-frameworks.sh\"\n";
			showEnvVarsInLog = 0;
		};
		F44273A290E870571696F851 /* [CP] Copy Pods Resources */ = {
			isa = PBXShellScriptBuildPhase;
			buildActionMask = 2147483647;
			files = (
			);
			inputPaths = (
			);
			name = "[CP] Copy Pods Resources";
			outputPaths = (
			);
			runOnlyForDeploymentPostprocessing = 0;
			shellPath = /bin/sh;
			shellScript = "\"${SRCROOT}/../Pods/Target Support Files/Pods-NSFLocalizationSynchronizer/Pods-NSFLocalizationSynchronizer-resources.sh\"\n";
			showEnvVarsInLog = 0;
		};
		FB678A573549D62F17FB1DE2 /* [CP] Check Pods Manifest.lock */ = {
			isa = PBXShellScriptBuildPhase;
			buildActionMask = 2147483647;
			files = (
			);
			inputPaths = (
				"${PODS_PODFILE_DIR_PATH}/Podfile.lock",
				"${PODS_ROOT}/Manifest.lock",
			);
			name = "[CP] Check Pods Manifest.lock";
			outputPaths = (
				"$(DERIVED_FILE_DIR)/Pods-NSFLocalizationSynchronizer-checkManifestLockResult.txt",
			);
			runOnlyForDeploymentPostprocessing = 0;
			shellPath = /bin/sh;
			shellScript = "diff \"${PODS_PODFILE_DIR_PATH}/Podfile.lock\" \"${PODS_ROOT}/Manifest.lock\" > /dev/null\nif [ $? != 0 ] ; then\n    # print error to STDERR\n    echo \"error: The sandbox is not in sync with the Podfile.lock. Run 'pod install' or update your CocoaPods installation.\" >&2\n    exit 1\nfi\n# This output is used by Xcode 'outputs' to avoid re-running this script phase.\necho \"SUCCESS\" > \"${SCRIPT_OUTPUT_FILE_0}\"\n";
			showEnvVarsInLog = 0;
		};
/* End PBXShellScriptBuildPhase section */

/* Begin PBXSourcesBuildPhase section */
		A99A13B81D07EA8E0088ACFA /* Sources */ = {
			isa = PBXSourcesBuildPhase;
			buildActionMask = 2147483647;
			files = (
				A9B0FF821F4298F500BC57E1 /* NSFLanguagePackLineModel.m in Sources */,
				A9B0FF7A1F4298F500BC57E1 /* BRAWorksheet+NSFExt.m in Sources */,
				A9B0FF881F4298F500BC57E1 /* NSFStringsLanguageModel.m in Sources */,
				A9B0FF8F1F4298F500BC57E1 /* NSFCommonTypes.m in Sources */,
				A9B0FF841F4298F500BC57E1 /* NSFProjectParseConfigration.m in Sources */,
				A9B0FF7D1F4298F500BC57E1 /* NSFParameters.m in Sources */,
				A9B0FF7F1F4298F500BC57E1 /* NSObject+NSFExt.m in Sources */,
				A9B0FF911F4298F500BC57E1 /* NSFLogger.m in Sources */,
				A9B0FF8B1F4298F500BC57E1 /* NSFLanguageModelAndCompareModelTransformer.m in Sources */,
				A9B0FF8C1F4298F500BC57E1 /* NSFLineModelAndLanguageModelTransformer.m in Sources */,
				A99A13C41D07EA8E0088ACFA /* main.m in Sources */,
				A9B0FF7C1F4298F500BC57E1 /* NSFileManager+NSFExt.m in Sources */,
				A9B0FF921F4298F500BC57E1 /* NSFSetting.m in Sources */,
				A9B0FF871F4298F500BC57E1 /* NSFStringsCompareModel.m in Sources */,
				A9B0FF8A1F4298F500BC57E1 /* NSFStringsSideCompareModel.m in Sources */,
				A9B0FF8D1F4298F500BC57E1 /* NSFStringFilesMixTransformer.m in Sources */,
				A9B0FF7B1F4298F500BC57E1 /* NSDictionary+NSFExt.m in Sources */,
				A9B0FF901F4298F500BC57E1 /* NSFLocalizationProxy.m in Sources */,
				A9B0FF831F4298F500BC57E1 /* NSFProjectExpert.m in Sources */,
				A9B0FF801F4298F500BC57E1 /* NSURL+NSFExt.m in Sources */,
				A92C98631D0FE87E00CA4E29 /* NSFSettingWindowController.m in Sources */,
				A9B0FF861F4298F500BC57E1 /* NSFKeyValueModel.m in Sources */,
				A9B0FF8E1F4298F500BC57E1 /* NSFStringsFileAndLineModelTransformer.m in Sources */,
				A98926651F162244006EF4CE /* AppDelegate.m in Sources */,
				A9B0FF811F4298F500BC57E1 /* NSFLanguagePackageExpert.m in Sources */,
				A9B0FF851F4298F500BC57E1 /* NSFSourceCodeScanner.m in Sources */,
				A9B0FF891F4298F500BC57E1 /* NSFStringsLineModel.m in Sources */,
				A9B0FF7E1F4298F500BC57E1 /* NSMutableArray+NSFExt.m in Sources */,
			);
			runOnlyForDeploymentPostprocessing = 0;
		};
/* End PBXSourcesBuildPhase section */

/* Begin PBXVariantGroup section */
		A99A13C71D07EA8E0088ACFA /* MainMenu.xib */ = {
			isa = PBXVariantGroup;
			children = (
				A99A13C81D07EA8E0088ACFA /* Base */,
			);
			name = MainMenu.xib;
			sourceTree = "<group>";
		};
/* End PBXVariantGroup section */

/* Begin XCBuildConfiguration section */
		A99A13CB1D07EA8E0088ACFA /* Debug */ = {
			isa = XCBuildConfiguration;
			buildSettings = {
				ALWAYS_SEARCH_USER_PATHS = NO;
				CLANG_ANALYZER_NONNULL = YES;
				CLANG_CXX_LANGUAGE_STANDARD = "gnu++0x";
				CLANG_CXX_LIBRARY = "libc++";
				CLANG_ENABLE_MODULES = YES;
				CLANG_ENABLE_OBJC_ARC = YES;
				CLANG_WARN_BOOL_CONVERSION = YES;
				CLANG_WARN_CONSTANT_CONVERSION = YES;
				CLANG_WARN_DIRECT_OBJC_ISA_USAGE = YES_ERROR;
				CLANG_WARN_EMPTY_BODY = YES;
				CLANG_WARN_ENUM_CONVERSION = YES;
				CLANG_WARN_INFINITE_RECURSION = YES;
				CLANG_WARN_INT_CONVERSION = YES;
				CLANG_WARN_OBJC_ROOT_CLASS = YES_ERROR;
				CLANG_WARN_SUSPICIOUS_MOVE = YES;
				CLANG_WARN_UNREACHABLE_CODE = YES;
				CLANG_WARN__DUPLICATE_METHOD_MATCH = YES;
				CODE_SIGN_IDENTITY = "-";
				COPY_PHASE_STRIP = NO;
				DEBUG_INFORMATION_FORMAT = dwarf;
				ENABLE_STRICT_OBJC_MSGSEND = YES;
				ENABLE_TESTABILITY = YES;
				GCC_C_LANGUAGE_STANDARD = gnu99;
				GCC_DYNAMIC_NO_PIC = NO;
				GCC_NO_COMMON_BLOCKS = YES;
				GCC_OPTIMIZATION_LEVEL = 0;
				GCC_PREPROCESSOR_DEFINITIONS = (
					"DEBUG=1",
					"$(inherited)",
				);
				GCC_WARN_64_TO_32_BIT_CONVERSION = YES;
				GCC_WARN_ABOUT_RETURN_TYPE = YES_ERROR;
				GCC_WARN_UNDECLARED_SELECTOR = YES;
				GCC_WARN_UNINITIALIZED_AUTOS = YES_AGGRESSIVE;
				GCC_WARN_UNUSED_FUNCTION = YES;
				GCC_WARN_UNUSED_VARIABLE = YES;
				MACOSX_DEPLOYMENT_TARGET = 10.11;
				MTL_ENABLE_DEBUG_INFO = YES;
				ONLY_ACTIVE_ARCH = YES;
				SDKROOT = macosx;
			};
			name = Debug;
		};
		A99A13CC1D07EA8E0088ACFA /* Release */ = {
			isa = XCBuildConfiguration;
			buildSettings = {
				ALWAYS_SEARCH_USER_PATHS = NO;
				CLANG_ANALYZER_NONNULL = YES;
				CLANG_CXX_LANGUAGE_STANDARD = "gnu++0x";
				CLANG_CXX_LIBRARY = "libc++";
				CLANG_ENABLE_MODULES = YES;
				CLANG_ENABLE_OBJC_ARC = YES;
				CLANG_WARN_BOOL_CONVERSION = YES;
				CLANG_WARN_CONSTANT_CONVERSION = YES;
				CLANG_WARN_DIRECT_OBJC_ISA_USAGE = YES_ERROR;
				CLANG_WARN_EMPTY_BODY = YES;
				CLANG_WARN_ENUM_CONVERSION = YES;
				CLANG_WARN_INFINITE_RECURSION = YES;
				CLANG_WARN_INT_CONVERSION = YES;
				CLANG_WARN_OBJC_ROOT_CLASS = YES_ERROR;
				CLANG_WARN_SUSPICIOUS_MOVE = YES;
				CLANG_WARN_UNREACHABLE_CODE = YES;
				CLANG_WARN__DUPLICATE_METHOD_MATCH = YES;
				CODE_SIGN_IDENTITY = "-";
				COPY_PHASE_STRIP = NO;
				DEBUG_INFORMATION_FORMAT = "dwarf-with-dsym";
				ENABLE_NS_ASSERTIONS = NO;
				ENABLE_STRICT_OBJC_MSGSEND = YES;
				GCC_C_LANGUAGE_STANDARD = gnu99;
				GCC_NO_COMMON_BLOCKS = YES;
				GCC_WARN_64_TO_32_BIT_CONVERSION = YES;
				GCC_WARN_ABOUT_RETURN_TYPE = YES_ERROR;
				GCC_WARN_UNDECLARED_SELECTOR = YES;
				GCC_WARN_UNINITIALIZED_AUTOS = YES_AGGRESSIVE;
				GCC_WARN_UNUSED_FUNCTION = YES;
				GCC_WARN_UNUSED_VARIABLE = YES;
				MACOSX_DEPLOYMENT_TARGET = 10.11;
				MTL_ENABLE_DEBUG_INFO = NO;
				SDKROOT = macosx;
			};
			name = Release;
		};
		A99A13CE1D07EA8E0088ACFA /* Debug */ = {
			isa = XCBuildConfiguration;
			baseConfigurationReference = A202DEDFC6A12C59891DC128 /* Pods-NSFLocalizationSynchronizer.debug.xcconfig */;
			buildSettings = {
				ASSETCATALOG_COMPILER_APPICON_NAME = AppIcon;
				CODE_SIGN_IDENTITY = "Mac Developer";
				COMBINE_HIDPI_IMAGES = YES;
				DEVELOPMENT_TEAM = 7Z99KN5R29;
				FRAMEWORK_SEARCH_PATHS = (
					"$(inherited)",
					"$(PROJECT_DIR)",
				);
				GCC_PREFIX_HEADER = "$(SRCROOT)/$(TARGET_NAME)/PrefixHeader.pch";
				INFOPLIST_FILE = NSFLocalizationSynchronizer/Info.plist;
				LD_RUNPATH_SEARCH_PATHS = "$(inherited) @executable_path/../Frameworks";
				PRODUCT_BUNDLE_IDENTIFIER = com.egeio.lxy.NSFLocalizationSynchronizer;
				PRODUCT_NAME = "$(TARGET_NAME)";
				PROVISIONING_PROFILE = "";
				PROVISIONING_PROFILE_SPECIFIER = "";
			};
			name = Debug;
		};
		A99A13CF1D07EA8E0088ACFA /* Release */ = {
			isa = XCBuildConfiguration;
			baseConfigurationReference = 02CEC4FF70676E9A895B548A /* Pods-NSFLocalizationSynchronizer.release.xcconfig */;
			buildSettings = {
				ASSETCATALOG_COMPILER_APPICON_NAME = AppIcon;
				CODE_SIGN_IDENTITY = "Developer ID Application";
				COMBINE_HIDPI_IMAGES = YES;
				DEVELOPMENT_TEAM = 7Z99KN5R29;
				FRAMEWORK_SEARCH_PATHS = (
					"$(inherited)",
					"$(PROJECT_DIR)",
				);
				GCC_PREFIX_HEADER = "$(SRCROOT)/$(TARGET_NAME)/PrefixHeader.pch";
				INFOPLIST_FILE = NSFLocalizationSynchronizer/Info.plist;
				LD_RUNPATH_SEARCH_PATHS = "$(inherited) @executable_path/../Frameworks";
				PRODUCT_BUNDLE_IDENTIFIER = com.egeio.lxy.NSFLocalizationSynchronizer;
				PRODUCT_NAME = "$(TARGET_NAME)";
			};
			name = Release;
		};
/* End XCBuildConfiguration section */

/* Begin XCConfigurationList section */
		A99A13B71D07EA8E0088ACFA /* Build configuration list for PBXProject "NSFLocalizationSynchronizer" */ = {
			isa = XCConfigurationList;
			buildConfigurations = (
				A99A13CB1D07EA8E0088ACFA /* Debug */,
				A99A13CC1D07EA8E0088ACFA /* Release */,
			);
			defaultConfigurationIsVisible = 0;
			defaultConfigurationName = Release;
		};
		A99A13CD1D07EA8E0088ACFA /* Build configuration list for PBXNativeTarget "NSFLocalizationSynchronizer" */ = {
			isa = XCConfigurationList;
			buildConfigurations = (
				A99A13CE1D07EA8E0088ACFA /* Debug */,
				A99A13CF1D07EA8E0088ACFA /* Release */,
			);
			defaultConfigurationIsVisible = 0;
			defaultConfigurationName = Release;
		};
/* End XCConfigurationList section */
	};
	rootObject = A99A13B41D07EA8E0088ACFA /* Project object */;
}
